// !$*UTF8*$!
{
	archiveVersion = 1;
	classes = {
	};
	objectVersion = 46;
	objects = {

/* Begin PBXBuildFile section */
		A0D97A701DA0F639006FCA7B /* DetailTableViewController.swift in Sources */ = {isa = PBXBuildFile; fileRef = A0D97A6C1DA0F639006FCA7B /* DetailTableViewController.swift */; };
		A0D97A711DA0F639006FCA7B /* HistoryTableViewController.swift in Sources */ = {isa = PBXBuildFile; fileRef = A0D97A6D1DA0F639006FCA7B /* HistoryTableViewController.swift */; };
		A0D97A721DA0F639006FCA7B /* ImageTableViewCell.swift in Sources */ = {isa = PBXBuildFile; fileRef = A0D97A6E1DA0F639006FCA7B /* ImageTableViewCell.swift */; };
		A0D97A731DA0F639006FCA7B /* ImageViewController.swift in Sources */ = {isa = PBXBuildFile; fileRef = A0D97A6F1DA0F639006FCA7B /* ImageViewController.swift */; };
		A0D97A761DA0F646006FCA7B /* TableViewCell.swift in Sources */ = {isa = PBXBuildFile; fileRef = A0D97A741DA0F646006FCA7B /* TableViewCell.swift */; };
		A0D97A771DA0F646006FCA7B /* TabViewController.swift in Sources */ = {isa = PBXBuildFile; fileRef = A0D97A751DA0F646006FCA7B /* TabViewController.swift */; };
		A0D97A7D1DA0F652006FCA7B /* TweetersTableViewController.swift in Sources */ = {isa = PBXBuildFile; fileRef = A0D97A781DA0F652006FCA7B /* TweetersTableViewController.swift */; };
		A0D97A7E1DA0F652006FCA7B /* TweetTableViewController.swift in Sources */ = {isa = PBXBuildFile; fileRef = A0D97A791DA0F652006FCA7B /* TweetTableViewController.swift */; };
		A0D97A7F1DA0F652006FCA7B /* TwitterUser.swift in Sources */ = {isa = PBXBuildFile; fileRef = A0D97A7A1DA0F652006FCA7B /* TwitterUser.swift */; };
		A0D97A801DA0F652006FCA7B /* TwitterUser+CoreDataProperties.swift in Sources */ = {isa = PBXBuildFile; fileRef = A0D97A7B1DA0F652006FCA7B /* TwitterUser+CoreDataProperties.swift */; };
		A0D97A811DA0F652006FCA7B /* WebViewController.swift in Sources */ = {isa = PBXBuildFile; fileRef = A0D97A7C1DA0F652006FCA7B /* WebViewController.swift */; };
		A0D97A831DA0F670006FCA7B /* CoreDataTableViewController.swift in Sources */ = {isa = PBXBuildFile; fileRef = A0D97A821DA0F670006FCA7B /* CoreDataTableViewController.swift */; };
		A0D97A8D1DA0F861006FCA7B /* Tweet.swift in Sources */ = {isa = PBXBuildFile; fileRef = A0D97A8B1DA0F861006FCA7B /* Tweet.swift */; };
		A0D97A8E1DA0F861006FCA7B /* Tweet+CoreDataProperties.swift in Sources */ = {isa = PBXBuildFile; fileRef = A0D97A8C1DA0F861006FCA7B /* Tweet+CoreDataProperties.swift */; };
		A0E0280E1DA0F37000FFF347 /* AppDelegate.swift in Sources */ = {isa = PBXBuildFile; fileRef = A0E0280D1DA0F37000FFF347 /* AppDelegate.swift */; };
		A0E028131DA0F37000FFF347 /* Main.storyboard in Resources */ = {isa = PBXBuildFile; fileRef = A0E028111DA0F37000FFF347 /* Main.storyboard */; };
		A0E028161DA0F37000FFF347 /* SmashTag.xcdatamodeld in Sources */ = {isa = PBXBuildFile; fileRef = A0E028141DA0F37000FFF347 /* SmashTag.xcdatamodeld */; };
		A0E028181DA0F37000FFF347 /* Assets.xcassets in Resources */ = {isa = PBXBuildFile; fileRef = A0E028171DA0F37000FFF347 /* Assets.xcassets */; };
		A0E0281B1DA0F37000FFF347 /* LaunchScreen.storyboard in Resources */ = {isa = PBXBuildFile; fileRef = A0E028191DA0F37000FFF347 /* LaunchScreen.storyboard */; };
		A0E028231DA0F42A00FFF347 /* Twitter.framework in Frameworks */ = {isa = PBXBuildFile; fileRef = A0E028221DA0F42A00FFF347 /* Twitter.framework */; };
/* End PBXBuildFile section */

/* Begin PBXFileReference section */
		A0D97A6C1DA0F639006FCA7B /* DetailTableViewController.swift */ = {isa = PBXFileReference; fileEncoding = 4; lastKnownFileType = sourcecode.swift; path = DetailTableViewController.swift; sourceTree = "<group>"; };
		A0D97A6D1DA0F639006FCA7B /* HistoryTableViewController.swift */ = {isa = PBXFileReference; fileEncoding = 4; lastKnownFileType = sourcecode.swift; path = HistoryTableViewController.swift; sourceTree = "<group>"; };
		A0D97A6E1DA0F639006FCA7B /* ImageTableViewCell.swift */ = {isa = PBXFileReference; fileEncoding = 4; lastKnownFileType = sourcecode.swift; path = ImageTableViewCell.swift; sourceTree = "<group>"; };
		A0D97A6F1DA0F639006FCA7B /* ImageViewController.swift */ = {isa = PBXFileReference; fileEncoding = 4; lastKnownFileType = sourcecode.swift; path = ImageViewController.swift; sourceTree = "<group>"; };
		A0D97A741DA0F646006FCA7B /* TableViewCell.swift */ = {isa = PBXFileReference; fileEncoding = 4; lastKnownFileType = sourcecode.swift; path = TableViewCell.swift; sourceTree = "<group>"; };
		A0D97A751DA0F646006FCA7B /* TabViewController.swift */ = {isa = PBXFileReference; fileEncoding = 4; lastKnownFileType = sourcecode.swift; path = TabViewController.swift; sourceTree = "<group>"; };
		A0D97A781DA0F652006FCA7B /* TweetersTableViewController.swift */ = {isa = PBXFileReference; fileEncoding = 4; lastKnownFileType = sourcecode.swift; path = TweetersTableViewController.swift; sourceTree = "<group>"; };
		A0D97A791DA0F652006FCA7B /* TweetTableViewController.swift */ = {isa = PBXFileReference; fileEncoding = 4; lastKnownFileType = sourcecode.swift; path = TweetTableViewController.swift; sourceTree = "<group>"; };
		A0D97A7A1DA0F652006FCA7B /* TwitterUser.swift */ = {isa = PBXFileReference; fileEncoding = 4; lastKnownFileType = sourcecode.swift; path = TwitterUser.swift; sourceTree = "<group>"; };
		A0D97A7B1DA0F652006FCA7B /* TwitterUser+CoreDataProperties.swift */ = {isa = PBXFileReference; fileEncoding = 4; lastKnownFileType = sourcecode.swift; path = "TwitterUser+CoreDataProperties.swift"; sourceTree = "<group>"; };
		A0D97A7C1DA0F652006FCA7B /* WebViewController.swift */ = {isa = PBXFileReference; fileEncoding = 4; lastKnownFileType = sourcecode.swift; path = WebViewController.swift; sourceTree = "<group>"; };
		A0D97A821DA0F670006FCA7B /* CoreDataTableViewController.swift */ = {isa = PBXFileReference; fileEncoding = 4; lastKnownFileType = sourcecode.swift; path = CoreDataTableViewController.swift; sourceTree = "<group>"; };
		A0D97A8B1DA0F861006FCA7B /* Tweet.swift */ = {isa = PBXFileReference; fileEncoding = 4; lastKnownFileType = sourcecode.swift; path = Tweet.swift; sourceTree = "<group>"; };
		A0D97A8C1DA0F861006FCA7B /* Tweet+CoreDataProperties.swift */ = {isa = PBXFileReference; fileEncoding = 4; lastKnownFileType = sourcecode.swift; path = "Tweet+CoreDataProperties.swift"; sourceTree = "<group>"; };
		A0E0280A1DA0F37000FFF347 /* SmashTag.app */ = {isa = PBXFileReference; explicitFileType = wrapper.application; includeInIndex = 0; path = SmashTag.app; sourceTree = BUILT_PRODUCTS_DIR; };
		A0E0280D1DA0F37000FFF347 /* AppDelegate.swift */ = {isa = PBXFileReference; lastKnownFileType = sourcecode.swift; path = AppDelegate.swift; sourceTree = "<group>"; };
		A0E028121DA0F37000FFF347 /* Base */ = {isa = PBXFileReference; lastKnownFileType = file.storyboard; name = Base; path = Base.lproj/Main.storyboard; sourceTree = "<group>"; };
		A0E028151DA0F37000FFF347 /* SmashTag.xcdatamodel */ = {isa = PBXFileReference; lastKnownFileType = wrapper.xcdatamodel; path = SmashTag.xcdatamodel; sourceTree = "<group>"; };
		A0E028171DA0F37000FFF347 /* Assets.xcassets */ = {isa = PBXFileReference; lastKnownFileType = folder.assetcatalog; path = Assets.xcassets; sourceTree = "<group>"; };
		A0E0281A1DA0F37000FFF347 /* Base */ = {isa = PBXFileReference; lastKnownFileType = file.storyboard; name = Base; path = Base.lproj/LaunchScreen.storyboard; sourceTree = "<group>"; };
		A0E0281C1DA0F37000FFF347 /* Info.plist */ = {isa = PBXFileReference; lastKnownFileType = text.plist.xml; path = Info.plist; sourceTree = "<group>"; };
		A0E028221DA0F42A00FFF347 /* Twitter.framework */ = {isa = PBXFileReference; lastKnownFileType = wrapper.framework; name = Twitter.framework; path = "../../../Library/Developer/Xcode/DerivedData/SmashTagSpace-hfftxiedykppqpguziknnbbwgsad/Build/Products/Debug-iphoneos/Twitter.framework"; sourceTree = "<group>"; };
/* End PBXFileReference section */

/* Begin PBXFrameworksBuildPhase section */
		A0E028071DA0F37000FFF347 /* Frameworks */ = {
			isa = PBXFrameworksBuildPhase;
			buildActionMask = 2147483647;
			files = (
				A0E028231DA0F42A00FFF347 /* Twitter.framework in Frameworks */,
			);
			runOnlyForDeploymentPostprocessing = 0;
		};
/* End PBXFrameworksBuildPhase section */

/* Begin PBXGroup section */
		A0D97A871DA0F79A006FCA7B /* Main Table */ = {
			isa = PBXGroup;
			children = (
				A0E028111DA0F37000FFF347 /* Main.storyboard */,
				A0D97A741DA0F646006FCA7B /* TableViewCell.swift */,
				A0D97A781DA0F652006FCA7B /* TweetersTableViewController.swift */,
				A0D97A791DA0F652006FCA7B /* TweetTableViewController.swift */,
				A0D97A821DA0F670006FCA7B /* CoreDataTableViewController.swift */,
			);
			name = "Main Table";
			sourceTree = "<group>";
		};
		A0D97A881DA0F7AB006FCA7B /* DetailTable */ = {
			isa = PBXGroup;
			children = (
				A0D97A6C1DA0F639006FCA7B /* DetailTableViewController.swift */,
				A0D97A6E1DA0F639006FCA7B /* ImageTableViewCell.swift */,
				A0D97A6F1DA0F639006FCA7B /* ImageViewController.swift */,
				A0D97A7C1DA0F652006FCA7B /* WebViewController.swift */,
			);
			name = DetailTable;
			sourceTree = "<group>";
		};
		A0D97A891DA0F7E7006FCA7B /* History */ = {
			isa = PBXGroup;
			children = (
				A0D97A751DA0F646006FCA7B /* TabViewController.swift */,
				A0D97A6D1DA0F639006FCA7B /* HistoryTableViewController.swift */,
			);
			name = History;
			sourceTree = "<group>";
		};
		A0D97A8A1DA0F808006FCA7B /* Supporting Files */ = {
			isa = PBXGroup;
			children = (
				A0E0280D1DA0F37000FFF347 /* AppDelegate.swift */,
				A0E028171DA0F37000FFF347 /* Assets.xcassets */,
				A0E028191DA0F37000FFF347 /* LaunchScreen.storyboard */,
				A0E0281C1DA0F37000FFF347 /* Info.plist */,
			);
			name = "Supporting Files";
			sourceTree = "<group>";
		};
		A0E028011DA0F37000FFF347 = {
			isa = PBXGroup;
			children = (
				A0E028221DA0F42A00FFF347 /* Twitter.framework */,
				A0E0280C1DA0F37000FFF347 /* SmashTag */,
				A0E0280B1DA0F37000FFF347 /* Products */,
			);
			sourceTree = "<group>";
		};
		A0E0280B1DA0F37000FFF347 /* Products */ = {
			isa = PBXGroup;
			children = (
				A0E0280A1DA0F37000FFF347 /* SmashTag.app */,
			);
			name = Products;
			sourceTree = "<group>";
		};
		A0E0280C1DA0F37000FFF347 /* SmashTag */ = {
			isa = PBXGroup;
			children = (
				A0D97A8A1DA0F808006FCA7B /* Supporting Files */,
				A0D97A871DA0F79A006FCA7B /* Main Table */,
				A0D97A881DA0F7AB006FCA7B /* DetailTable */,
				A0D97A891DA0F7E7006FCA7B /* History */,
				A0D97A7A1DA0F652006FCA7B /* TwitterUser.swift */,
				A0D97A7B1DA0F652006FCA7B /* TwitterUser+CoreDataProperties.swift */,
				A0D97A8B1DA0F861006FCA7B /* Tweet.swift */,
				A0D97A8C1DA0F861006FCA7B /* Tweet+CoreDataProperties.swift */,
				A0E028141DA0F37000FFF347 /* SmashTag.xcdatamodeld */,
			);
			path = SmashTag;
			sourceTree = "<group>";
		};
/* End PBXGroup section */

/* Begin PBXNativeTarget section */
		A0E028091DA0F37000FFF347 /* SmashTag */ = {
			isa = PBXNativeTarget;
			buildConfigurationList = A0E0281F1DA0F37000FFF347 /* Build configuration list for PBXNativeTarget "SmashTag" */;
			buildPhases = (
				A0E028061DA0F37000FFF347 /* Sources */,
				A0E028071DA0F37000FFF347 /* Frameworks */,
				A0E028081DA0F37000FFF347 /* Resources */,
			);
			buildRules = (
			);
			dependencies = (
			);
			name = SmashTag;
			productName = SmashTag;
			productReference = A0E0280A1DA0F37000FFF347 /* SmashTag.app */;
			productType = "com.apple.product-type.application";
		};
/* End PBXNativeTarget section */

/* Begin PBXProject section */
		A0E028021DA0F37000FFF347 /* Project object */ = {
			isa = PBXProject;
			attributes = {
				LastSwiftUpdateCheck = 0730;
				LastUpgradeCheck = 0730;
				ORGANIZATIONNAME = Legolas.Invoker;
				TargetAttributes = {
					A0E028091DA0F37000FFF347 = {
						CreatedOnToolsVersion = 7.3.1;
					};
				};
			};
			buildConfigurationList = A0E028051DA0F37000FFF347 /* Build configuration list for PBXProject "SmashTag" */;
			compatibilityVersion = "Xcode 3.2";
			developmentRegion = English;
			hasScannedForEncodings = 0;
			knownRegions = (
				en,
				Base,
			);
			mainGroup = A0E028011DA0F37000FFF347;
			productRefGroup = A0E0280B1DA0F37000FFF347 /* Products */;
			projectDirPath = "";
			projectRoot = "";
			targets = (
				A0E028091DA0F37000FFF347 /* SmashTag */,
			);
		};
/* End PBXProject section */

/* Begin PBXResourcesBuildPhase section */
		A0E028081DA0F37000FFF347 /* Resources */ = {
			isa = PBXResourcesBuildPhase;
			buildActionMask = 2147483647;
			files = (
				A0E0281B1DA0F37000FFF347 /* LaunchScreen.storyboard in Resources */,
				A0E028181DA0F37000FFF347 /* Assets.xcassets in Resources */,
				A0E028131DA0F37000FFF347 /* Main.storyboard in Resources */,
			);
			runOnlyForDeploymentPostprocessing = 0;
		};
/* End PBXResourcesBuildPhase section */

/* Begin PBXSourcesBuildPhase section */
		A0E028061DA0F37000FFF347 /* Sources */ = {
			isa = PBXSourcesBuildPhase;
			buildActionMask = 2147483647;
			files = (
				A0D97A7D1DA0F652006FCA7B /* TweetersTableViewController.swift in Sources */,
				A0D97A701DA0F639006FCA7B /* DetailTableViewController.swift in Sources */,
				A0D97A801DA0F652006FCA7B /* TwitterUser+CoreDataProperties.swift in Sources */,
				A0D97A7F1DA0F652006FCA7B /* TwitterUser.swift in Sources */,
				A0D97A761DA0F646006FCA7B /* TableViewCell.swift in Sources */,
				A0D97A7E1DA0F652006FCA7B /* TweetTableViewController.swift in Sources */,
				A0D97A8D1DA0F861006FCA7B /* Tweet.swift in Sources */,
				A0E028161DA0F37000FFF347 /* SmashTag.xcdatamodeld in Sources */,
				A0D97A831DA0F670006FCA7B /* CoreDataTableViewController.swift in Sources */,
				A0D97A731DA0F639006FCA7B /* ImageViewController.swift in Sources */,
				A0D97A721DA0F639006FCA7B /* ImageTableViewCell.swift in Sources */,
				A0D97A771DA0F646006FCA7B /* TabViewController.swift in Sources */,
				A0D97A811DA0F652006FCA7B /* WebViewController.swift in Sources */,
				A0D97A8E1DA0F861006FCA7B /* Tweet+CoreDataProperties.swift in Sources */,
				A0E0280E1DA0F37000FFF347 /* AppDelegate.swift in Sources */,
				A0D97A711DA0F639006FCA7B /* HistoryTableViewController.swift in Sources */,
			);
			runOnlyForDeploymentPostprocessing = 0;
		};
/* End PBXSourcesBuildPhase section */

/* Begin PBXVariantGroup section */
		A0E028111DA0F37000FFF347 /* Main.storyboard */ = {
			isa = PBXVariantGroup;
			children = (
				A0E028121DA0F37000FFF347 /* Base */,
			);
			name = Main.storyboard;
			sourceTree = "<group>";
		};
		A0E028191DA0F37000FFF347 /* LaunchScreen.storyboard */ = {
			isa = PBXVariantGroup;
			children = (
				A0E0281A1DA0F37000FFF347 /* Base */,
			);
			name = LaunchScreen.storyboard;
			sourceTree = "<group>";
		};
/* End PBXVariantGroup section */

/* Begin XCBuildConfiguration section */
		A0E0281D1DA0F37000FFF347 /* Debug */ = {
			isa = XCBuildConfiguration;
			buildSettings = {
				ALWAYS_SEARCH_USER_PATHS = NO;
				CLANG_ANALYZER_NONNULL = YES;
				CLANG_CXX_LANGUAGE_STANDARD = "gnu++0x";
				CLANG_CXX_LIBRARY = "libc++";
				CLANG_ENABLE_MODULES = YES;
				CLANG_ENABLE_OBJC_ARC = YES;
				CLANG_WARN_BOOL_CONVERSION = YES;
				CLANG_WARN_CONSTANT_CONVERSION = YES;
				CLANG_WARN_DIRECT_OBJC_ISA_USAGE = YES_ERROR;
				CLANG_WARN_EMPTY_BODY = YES;
				CLANG_WARN_ENUM_CONVERSION = YES;
				CLANG_WARN_INT_CONVERSION = YES;
				CLANG_WARN_OBJC_ROOT_CLASS = YES_ERROR;
				CLANG_WARN_UNREACHABLE_CODE = YES;
				CLANG_WARN__DUPLICATE_METHOD_MATCH = YES;
				"CODE_SIGN_IDENTITY[sdk=iphoneos*]" = "iPhone Developer";
				COPY_PHASE_STRIP = NO;
				DEBUG_INFORMATION_FORMAT = dwarf;
				ENABLE_STRICT_OBJC_MSGSEND = YES;
				ENABLE_TESTABILITY = YES;
				GCC_C_LANGUAGE_STANDARD = gnu99;
				GCC_DYNAMIC_NO_PIC = NO;
				GCC_NO_COMMON_BLOCKS = YES;
				GCC_OPTIMIZATION_LEVEL = 0;
				GCC_PREPROCESSOR_DEFINITIONS = (
					"DEBUG=1",
					"$(inherited)",
				);
				GCC_WARN_64_TO_32_BIT_CONVERSION = YES;
				GCC_WARN_ABOUT_RETURN_TYPE = YES_ERROR;
				GCC_WARN_UNDECLARED_SELECTOR = YES;
				GCC_WARN_UNINITIALIZED_AUTOS = YES_AGGRESSIVE;
				GCC_WARN_UNUSED_FUNCTION = YES;
				GCC_WARN_UNUSED_VARIABLE = YES;
				IPHONEOS_DEPLOYMENT_TARGET = 9.3;
				MTL_ENABLE_DEBUG_INFO = YES;
				ONLY_ACTIVE_ARCH = YES;
				SDKROOT = iphoneos;
				SWIFT_OPTIMIZATION_LEVEL = "-Onone";
				TARGETED_DEVICE_FAMILY = "1,2";
			};
			name = Debug;
		};
		A0E0281E1DA0F37000FFF347 /* Release */ = {
			isa = XCBuildConfiguration;
			buildSettings = {
				ALWAYS_SEARCH_USER_PATHS = NO;
				CLANG_ANALYZER_NONNULL = YES;
				CLANG_CXX_LANGUAGE_STANDARD = "gnu++0x";
				CLANG_CXX_LIBRARY = "libc++";
				CLANG_ENABLE_MODULES = YES;
				CLANG_ENABLE_OBJC_ARC = YES;
				CLANG_WARN_BOOL_CONVERSION = YES;
				CLANG_WARN_CONSTANT_CONVERSION = YES;
				CLANG_WARN_DIRECT_OBJC_ISA_USAGE = YES_ERROR;
				CLANG_WARN_EMPTY_BODY = YES;
				CLANG_WARN_ENUM_CONVERSION = YES;
				CLANG_WARN_INT_CONVERSION = YES;
				CLANG_WARN_OBJC_ROOT_CLASS = YES_ERROR;
				CLANG_WARN_UNREACHABLE_CODE = YES;
				CLANG_WARN__DUPLICATE_METHOD_MATCH = YES;
				"CODE_SIGN_IDENTITY[sdk=iphoneos*]" = "iPhone Developer";
				COPY_PHASE_STRIP = NO;
				DEBUG_INFORMATION_FORMAT = "dwarf-with-dsym";
				ENABLE_NS_ASSERTIONS = NO;
				ENABLE_STRICT_OBJC_MSGSEND = YES;
				GCC_C_LANGUAGE_STANDARD = gnu99;
				GCC_NO_COMMON_BLOCKS = YES;
				GCC_WARN_64_TO_32_BIT_CONVERSION = YES;
				GCC_WARN_ABOUT_RETURN_TYPE = YES_ERROR;
				GCC_WARN_UNDECLARED_SELECTOR = YES;
				GCC_WARN_UNINITIALIZED_AUTOS = YES_AGGRESSIVE;
				GCC_WARN_UNUSED_FUNCTION = YES;
				GCC_WARN_UNUSED_VARIABLE = YES;
				IPHONEOS_DEPLOYMENT_TARGET = 9.3;
				MTL_ENABLE_DEBUG_INFO = NO;
				SDKROOT = iphoneos;
				TARGETED_DEVICE_FAMILY = "1,2";
				VALIDATE_PRODUCT = YES;
			};
			name = Release;
		};
		A0E028201DA0F37000FFF347 /* Debug */ = {
			isa = XCBuildConfiguration;
			buildSettings = {
				ASSETCATALOG_COMPILER_APPICON_NAME = AppIcon;
				INFOPLIST_FILE = SmashTag/Info.plist;
				LD_RUNPATH_SEARCH_PATHS = "$(inherited) @executable_path/Frameworks";
				PRODUCT_BUNDLE_IDENTIFIER = Invoker.SmashTag;
				PRODUCT_NAME = "$(TARGET_NAME)";
			};
			name = Debug;
		};
		A0E028211DA0F37000FFF347 /* Release */ = {
			isa = XCBuildConfiguration;
			buildSettings = {
				ASSETCATALOG_COMPILER_APPICON_NAME = AppIcon;
				INFOPLIST_FILE = SmashTag/Info.plist;
				LD_RUNPATH_SEARCH_PATHS = "$(inherited) @executable_path/Frameworks";
				PRODUCT_BUNDLE_IDENTIFIER = Invoker.SmashTag;
				PRODUCT_NAME = "$(TARGET_NAME)";
			};
			name = Release;
		};
/* End XCBuildConfiguration section */

/* Begin XCConfigurationList section */
		A0E028051DA0F37000FFF347 /* Build configuration list for PBXProject "SmashTag" */ = {
			isa = XCConfigurationList;
			buildConfigurations = (
				A0E0281D1DA0F37000FFF347 /* Debug */,
				A0E0281E1DA0F37000FFF347 /* Release */,
			);
			defaultConfigurationIsVisible = 0;
			defaultConfigurationName = Release;
		};
		A0E0281F1DA0F37000FFF347 /* Build configuration list for PBXNativeTarget "SmashTag" */ = {
			isa = XCConfigurationList;
			buildConfigurations = (
				A0E028201DA0F37000FFF347 /* Debug */,
				A0E028211DA0F37000FFF347 /* Release */,
			);
			defaultConfigurationIsVisible = 0;
			defaultConfigurationName = Release;
		};
/* End XCConfigurationList section */

/* Begin XCVersionGroup section */
		A0E028141DA0F37000FFF347 /* SmashTag.xcdatamodeld */ = {
			isa = XCVersionGroup;
			children = (
				A0E028151DA0F37000FFF347 /* SmashTag.xcdatamodel */,
			);
			currentVersion = A0E028151DA0F37000FFF347 /* SmashTag.xcdatamodel */;
			path = SmashTag.xcdatamodeld;
			sourceTree = "<group>";
			versionGroupType = wrapper.xcdatamodel;
		};
/* End XCVersionGroup section */
	};
	rootObject = A0E028021DA0F37000FFF347 /* Project object */;
}
